PODS:
  - connectivity_plus (0.0.1):
    - Flutter
    - FlutterMacOS
  - Flutter (1.0.0)
  - flutter_blue (0.0.1):
    - Flutter
    - flutter_blue/Protos (= 0.0.1)
  - flutter_blue/Protos (0.0.1):
    - Flutter
    - Protobuf (~> 3.11.4)
  - flutter_blue_plus (0.0.1):
    - Flutter
  - flutter_icmp_ping (0.0.1):
    - Flutter
  - flutter_mdns_plugin (0.0.1):
    - Flutter
  - network_info_plus (0.0.1):
    - Flutter
  - permission_handler_apple (9.3.0):
    - Flutter
  - Protobuf (3.11.4)

DEPENDENCIES:
  - connectivity_plus (from `.symlinks/plugins/connectivity_plus/darwin`)
  - Flutter (from `Flutter`)
  - flutter_blue (from `.symlinks/plugins/flutter_blue/ios`)
  - flutter_blue_plus (from `.symlinks/plugins/flutter_blue_plus/ios`)
  - flutter_icmp_ping (from `.symlinks/plugins/flutter_icmp_ping/ios`)
  - flutter_mdns_plugin (from `.symlinks/plugins/flutter_mdns_plugin/ios`)
  - network_info_plus (from `.symlinks/plugins/network_info_plus/ios`)
  - permission_handler_apple (from `.symlinks/plugins/permission_handler_apple/ios`)

SPEC REPOS:
  trunk:
    - Protobuf

EXTERNAL SOURCES:
  connectivity_plus:
    :path: ".symlinks/plugins/connectivity_plus/darwin"
  Flutter:
    :path: Flutter
  flutter_blue:
    :path: ".symlinks/plugins/flutter_blue/ios"
  flutter_blue_plus:
    :path: ".symlinks/plugins/flutter_blue_plus/ios"
  flutter_icmp_ping:
    :path: ".symlinks/plugins/flutter_icmp_ping/ios"
  flutter_mdns_plugin:
    :path: ".symlinks/plugins/flutter_mdns_plugin/ios"
  network_info_plus:
    :path: ".symlinks/plugins/network_info_plus/ios"
  permission_handler_apple:
    :path: ".symlinks/plugins/permission_handler_apple/ios"

SPEC CHECKSUMS:
  connectivity_plus: 2256d3e20624a7749ed21653aafe291a46446fee
  Flutter: e0871f40cf51350855a761d2e70bf5af5b9b5de7
  flutter_blue: 98e9bec352ab6584a882536c31c7610f7102b3f0
  flutter_blue_plus: e5808fc4e5ebc58bb911635f8fdaf5e2b4da2754
  flutter_icmp_ping: 47c1df3440c18ddd39fc457e607bb3b42d4a339f
  flutter_mdns_plugin: 2c0b5650c437d2602487f1ac274eed5dfa4542ff
  network_info_plus: cf61925ab5205dce05a4f0895989afdb6aade5fc
  permission_handler_apple: 4ed2196e43d0651e8ff7ca3483a069d469701f2d
  Protobuf: 176220c526ad8bd09ab1fb40a978eac3fef665f7

PODFILE CHECKSUM: 819463e6a0290f5a72f145ba7cde16e8b6ef0796

COCOAPODS: 1.16.2
